
Microsoft Visual Studio Solution File, Format Version 12.00
# Visual Studio Version 16
VisualStudioVersion = 16.0.31515.178
MinimumVisualStudioVersion = 10.0.40219.1
Project("{9A19103F-16F7-4668-BE54-9A1E7A4F7556}") = "NetCoreConsoleApp1", "NetCoreConsoleApp1\NetCoreConsoleApp1.csproj", "{9E95A9B3-6F30-4CB1-B8C5-318ACC759507}"
EndProject
Project("{8BC9CEB8-8B4A-11D0-8D11-00A0C91BC942}") = "MFCApplication1", "MFCApplication1\MFCApplication1.vcxproj", "{D472E38A-984D-4F28-A054-AF4243A2871E}"
	ProjectSection(ProjectDependencies) = postProject
		{06716DD9-F925-4F64-8701-6EA61C720437} = {06716DD9-F925-4F64-8701-6EA61C720437}
		{029646DE-D743-4EBF-BE0C-AE97F8803F0B} = {029646DE-D743-4EBF-BE0C-AE97F8803F0B}
	EndProjectSection
EndProject
Project("{FAE04EC0-301F-11D3-BF4B-00C04F79EFBC}") = "WindowsFormsApp1", "WindowsFormsApp1\WindowsFormsApp1.csproj", "{9EE49DE3-DDD3-44A1-B580-EAC8A8255ADC}"
EndProject
Project("{9A19103F-16F7-4668-BE54-9A1E7A4F7556}") = "WinUINetLib", "WinUINetLib\WinUINetLib.csproj", "{9F31BF73-8CE2-465B-9827-A524C17E81A7}"
EndProject
Project("{9A19103F-16F7-4668-BE54-9A1E7A4F7556}") = "WpfCoreApp1", "WpfCoreApp1\WpfCoreApp1.csproj", "{24E61D70-149D-4513-8F44-1292BA1566D5}"
EndProject
Project("{C7167F0D-BC9F-4E6E-AFE1-012C56B48DB5}") = "WinUI3NetApp (Package)", "WinUI3NetApp\WinUI3NetApp (Package)\WinUI3NetApp (Package).wapproj", "{96013540-99AB-4B8D-9E65-458709125016}"
EndProject
Project("{9A19103F-16F7-4668-BE54-9A1E7A4F7556}") = "WinUI3NetApp", "WinUI3NetApp\WinUI3NetApp\WinUI3NetApp.csproj", "{EC4A2D41-9EF3-4AA0-9470-443F354FFBF5}"
EndProject
Project("{9A19103F-16F7-4668-BE54-9A1E7A4F7556}") = "WpfNetLibrary", "WpfNetLibrary\WpfNetLibrary.csproj", "{361072AB-B487-465E-BB9A-A5F55E24F629}"
EndProject
Project("{FAE04EC0-301F-11D3-BF4B-00C04F79EFBC}") = "UWPLibrary", "UWPLibrary\UWPLibrary.csproj", "{A06BA151-E65A-4857-970D-FD84B8D88AE7}"
EndProject
Project("{FAE04EC0-301F-11D3-BF4B-00C04F79EFBC}") = "UWPRuntimeComponentLibrary", "UWPRuntimeComponentLibrary\UWPRuntimeComponentLibrary.csproj", "{262447AB-DFCD-4E2A-9181-0B58E86E1673}"
EndProject
Project("{8BC9CEB8-8B4A-11D0-8D11-00A0C91BC942}") = "WinUI3RuntimeComponent", "WinUI3RuntimeComponent\WinUI3RuntimeComponent.vcxproj", "{899808C9-09F2-4C20-854D-B1B84D1DC71B}"
EndProject
Project("{FAE04EC0-301F-11D3-BF4B-00C04F79EFBC}") = "WPFAppNet48", "WPFAppNet48\WPFAppNet48.csproj", "{4C2A1A30-8E3A-44E0-99B6-A80B73DC2923}"
EndProject
Project("{C7167F0D-BC9F-4E6E-AFE1-012C56B48DB5}") = "WPFCoreApp1Package", "WPFCoreApp1Package\WPFCoreApp1Package.wapproj", "{975C5227-50C2-4FF6-B204-7F1BDEE120DD}"
EndProject
Project("{FAE04EC0-301F-11D3-BF4B-00C04F79EFBC}") = "UWPApp", "UWPApp\UWPApp.csproj", "{25FC5328-E25D-4A97-973C-5835ED1FEADA}"
EndProject
Project("{9A19103F-16F7-4668-BE54-9A1E7A4F7556}") = "NETStandardLibrary", "NETStandardLibrary\NETStandardLibrary.csproj", "{A0CCF180-44F2-4E1B-95F3-B57143E71AD9}"
EndProject
Project("{9A19103F-16F7-4668-BE54-9A1E7A4F7556}") = "SomeBusinessLayer", "SomeBusinessLayer\SomeBusinessLayer.csproj", "{06716DD9-F925-4F64-8701-6EA61C720437}"
EndProject
Project("{8BC9CEB8-8B4A-11D0-8D11-00A0C91BC942}") = "AppX", "AppX\AppX.vcxproj", "{A96938A4-926C-4455-A1C0-FFCAAAE1811D}"
EndProject
Project("{8BC9CEB8-8B4A-11D0-8D11-00A0C91BC942}") = "ClrDll", "ClrDll\ClrDll.vcxproj", "{029646DE-D743-4EBF-BE0C-AE97F8803F0B}"
EndProject
Project("{8BC9CEB8-8B4A-11D0-8D11-00A0C91BC942}") = "ConsoleApplication1", "ConsoleApplication1\ConsoleApplication1.vcxproj", "{D3D7E34D-7653-4111-8194-07ADF6EE79BA}"
EndProject
Project("{FAE04EC0-301F-11D3-BF4B-00C04F79EFBC}") = "Net4ConsoleApp", "Net4ConsoleApp\Net4ConsoleApp.csproj", "{34C2ACC6-2A50-4D51-9FE2-531EA69400CF}"
	ProjectSection(ProjectDependencies) = postProject
		{768AF941-21D4-43DC-A95D-9E352FB89D48} = {768AF941-21D4-43DC-A95D-9E352FB89D48}
		{1F1532FE-355D-43D9-B29A-843F348A9A6D} = {1F1532FE-355D-43D9-B29A-843F348A9A6D}
	EndProjectSection
EndProject
Project("{FAE04EC0-301F-11D3-BF4B-00C04F79EFBC}") = "Net4Library", "Net4Library\Net4Library.csproj", "{1F1532FE-355D-43D9-B29A-843F348A9A6D}"
EndProject
Project("{FAE04EC0-301F-11D3-BF4B-00C04F79EFBC}") = "Net4Plugin", "Net4Plugin\Net4Plugin.csproj", "{C8BCFE4A-71E5-47D6-884D-E208E8CE0EE2}"
EndProject
Project("{FAE04EC0-301F-11D3-BF4B-00C04F79EFBC}") = "Net4PluginBootstrap", "Net4PluginBootstrap\Net4PluginBootstrap.csproj", "{768AF941-21D4-43DC-A95D-9E352FB89D48}"
EndProject
Global
	GlobalSection(SolutionConfigurationPlatforms) = preSolution
		Debug|Any CPU = Debug|Any CPU
		Debug|ARM = Debug|ARM
		Debug|arm64 = Debug|arm64
		Debug|x64 = Debug|x64
		Debug|x86 = Debug|x86
		Net4Debug|Any CPU = Net4Debug|Any CPU
		Net4Debug|ARM = Net4Debug|ARM
		Net4Debug|arm64 = Net4Debug|arm64
		Net4Debug|x64 = Net4Debug|x64
		Net4Debug|x86 = Net4Debug|x86
		Release|Any CPU = Release|Any CPU
		Release|ARM = Release|ARM
		Release|arm64 = Release|arm64
		Release|x64 = Release|x64
		Release|x86 = Release|x86
	EndGlobalSection
	GlobalSection(ProjectConfigurationPlatforms) = postSolution
		{9E95A9B3-6F30-4CB1-B8C5-318ACC759507}.Debug|Any CPU.ActiveCfg = Debug|Any CPU
		{9E95A9B3-6F30-4CB1-B8C5-318ACC759507}.Debug|Any CPU.Build.0 = Debug|Any CPU
		{9E95A9B3-6F30-4CB1-B8C5-318ACC759507}.Debug|ARM.ActiveCfg = Debug|Any CPU
		{9E95A9B3-6F30-4CB1-B8C5-318ACC759507}.Debug|ARM.Build.0 = Debug|Any CPU
		{9E95A9B3-6F30-4CB1-B8C5-318ACC759507}.Debug|arm64.ActiveCfg = Debug|Any CPU
		{9E95A9B3-6F30-4CB1-B8C5-318ACC759507}.Debug|arm64.Build.0 = Debug|Any CPU
		{9E95A9B3-6F30-4CB1-B8C5-318ACC759507}.Debug|x64.ActiveCfg = Debug|Any CPU
		{9E95A9B3-6F30-4CB1-B8C5-318ACC759507}.Debug|x64.Build.0 = Debug|Any CPU
		{9E95A9B3-6F30-4CB1-B8C5-318ACC759507}.Debug|x86.ActiveCfg = Debug|Any CPU
		{9E95A9B3-6F30-4CB1-B8C5-318ACC759507}.Debug|x86.Build.0 = Debug|Any CPU
		{9E95A9B3-6F30-4CB1-B8C5-318ACC759507}.Net4Debug|Any CPU.ActiveCfg = Net4Debug|Any CPU
		{9E95A9B3-6F30-4CB1-B8C5-318ACC759507}.Net4Debug|Any CPU.Build.0 = Net4Debug|Any CPU
		{9E95A9B3-6F30-4CB1-B8C5-318ACC759507}.Net4Debug|ARM.ActiveCfg = Net4Debug|Any CPU
		{9E95A9B3-6F30-4CB1-B8C5-318ACC759507}.Net4Debug|ARM.Build.0 = Net4Debug|Any CPU
		{9E95A9B3-6F30-4CB1-B8C5-318ACC759507}.Net4Debug|arm64.ActiveCfg = Net4Debug|Any CPU
		{9E95A9B3-6F30-4CB1-B8C5-318ACC759507}.Net4Debug|arm64.Build.0 = Net4Debug|Any CPU
		{9E95A9B3-6F30-4CB1-B8C5-318ACC759507}.Net4Debug|x64.ActiveCfg = Net4Debug|Any CPU
		{9E95A9B3-6F30-4CB1-B8C5-318ACC759507}.Net4Debug|x64.Build.0 = Net4Debug|Any CPU
		{9E95A9B3-6F30-4CB1-B8C5-318ACC759507}.Net4Debug|x86.ActiveCfg = Net4Debug|Any CPU
		{9E95A9B3-6F30-4CB1-B8C5-318ACC759507}.Release|Any CPU.ActiveCfg = Release|Any CPU
		{9E95A9B3-6F30-4CB1-B8C5-318ACC759507}.Release|Any CPU.Build.0 = Release|Any CPU
		{9E95A9B3-6F30-4CB1-B8C5-318ACC759507}.Release|ARM.ActiveCfg = Release|Any CPU
		{9E95A9B3-6F30-4CB1-B8C5-318ACC759507}.Release|ARM.Build.0 = Release|Any CPU
		{9E95A9B3-6F30-4CB1-B8C5-318ACC759507}.Release|arm64.ActiveCfg = Release|Any CPU
		{9E95A9B3-6F30-4CB1-B8C5-318ACC759507}.Release|arm64.Build.0 = Release|Any CPU
		{9E95A9B3-6F30-4CB1-B8C5-318ACC759507}.Release|x64.ActiveCfg = Release|Any CPU
		{9E95A9B3-6F30-4CB1-B8C5-318ACC759507}.Release|x64.Build.0 = Release|Any CPU
		{9E95A9B3-6F30-4CB1-B8C5-318ACC759507}.Release|x86.ActiveCfg = Release|Any CPU
		{9E95A9B3-6F30-4CB1-B8C5-318ACC759507}.Release|x86.Build.0 = Release|Any CPU
		{D472E38A-984D-4F28-A054-AF4243A2871E}.Debug|Any CPU.ActiveCfg = Debug|Win32
		{D472E38A-984D-4F28-A054-AF4243A2871E}.Debug|ARM.ActiveCfg = Debug|Win32
		{D472E38A-984D-4F28-A054-AF4243A2871E}.Debug|arm64.ActiveCfg = Debug|Win32
		{D472E38A-984D-4F28-A054-AF4243A2871E}.Debug|x64.ActiveCfg = Debug|x64
		{D472E38A-984D-4F28-A054-AF4243A2871E}.Debug|x64.Build.0 = Debug|x64
		{D472E38A-984D-4F28-A054-AF4243A2871E}.Debug|x86.ActiveCfg = Debug|Win32
		{D472E38A-984D-4F28-A054-AF4243A2871E}.Debug|x86.Build.0 = Debug|Win32
		{D472E38A-984D-4F28-A054-AF4243A2871E}.Net4Debug|Any CPU.ActiveCfg = Net4Debug|Win32
		{D472E38A-984D-4F28-A054-AF4243A2871E}.Net4Debug|ARM.ActiveCfg = Net4Debug|Win32
		{D472E38A-984D-4F28-A054-AF4243A2871E}.Net4Debug|arm64.ActiveCfg = Net4Debug|Win32
		{D472E38A-984D-4F28-A054-AF4243A2871E}.Net4Debug|x64.ActiveCfg = Net4Debug|x64
		{D472E38A-984D-4F28-A054-AF4243A2871E}.Net4Debug|x64.Build.0 = Net4Debug|x64
		{D472E38A-984D-4F28-A054-AF4243A2871E}.Net4Debug|x86.ActiveCfg = Net4Debug|Win32
		{D472E38A-984D-4F28-A054-AF4243A2871E}.Release|Any CPU.ActiveCfg = Release|Win32
		{D472E38A-984D-4F28-A054-AF4243A2871E}.Release|ARM.ActiveCfg = Release|Win32
		{D472E38A-984D-4F28-A054-AF4243A2871E}.Release|arm64.ActiveCfg = Release|Win32
		{D472E38A-984D-4F28-A054-AF4243A2871E}.Release|x64.ActiveCfg = Release|x64
		{D472E38A-984D-4F28-A054-AF4243A2871E}.Release|x64.Build.0 = Release|x64
		{D472E38A-984D-4F28-A054-AF4243A2871E}.Release|x86.ActiveCfg = Release|Win32
		{D472E38A-984D-4F28-A054-AF4243A2871E}.Release|x86.Build.0 = Release|Win32
		{9EE49DE3-DDD3-44A1-B580-EAC8A8255ADC}.Debug|Any CPU.ActiveCfg = Debug|Any CPU
		{9EE49DE3-DDD3-44A1-B580-EAC8A8255ADC}.Debug|Any CPU.Build.0 = Debug|Any CPU
		{9EE49DE3-DDD3-44A1-B580-EAC8A8255ADC}.Debug|ARM.ActiveCfg = Debug|Any CPU
		{9EE49DE3-DDD3-44A1-B580-EAC8A8255ADC}.Debug|ARM.Build.0 = Debug|Any CPU
		{9EE49DE3-DDD3-44A1-B580-EAC8A8255ADC}.Debug|arm64.ActiveCfg = Debug|Any CPU
		{9EE49DE3-DDD3-44A1-B580-EAC8A8255ADC}.Debug|arm64.Build.0 = Debug|Any CPU
		{9EE49DE3-DDD3-44A1-B580-EAC8A8255ADC}.Debug|x64.ActiveCfg = Debug|Any CPU
		{9EE49DE3-DDD3-44A1-B580-EAC8A8255ADC}.Debug|x64.Build.0 = Debug|Any CPU
		{9EE49DE3-DDD3-44A1-B580-EAC8A8255ADC}.Debug|x86.ActiveCfg = Debug|Any CPU
		{9EE49DE3-DDD3-44A1-B580-EAC8A8255ADC}.Debug|x86.Build.0 = Debug|Any CPU
		{9EE49DE3-DDD3-44A1-B580-EAC8A8255ADC}.Net4Debug|Any CPU.ActiveCfg = Net4Debug|Any CPU
		{9EE49DE3-DDD3-44A1-B580-EAC8A8255ADC}.Net4Debug|Any CPU.Build.0 = Net4Debug|Any CPU
		{9EE49DE3-DDD3-44A1-B580-EAC8A8255ADC}.Net4Debug|ARM.ActiveCfg = Net4Debug|Any CPU
		{9EE49DE3-DDD3-44A1-B580-EAC8A8255ADC}.Net4Debug|ARM.Build.0 = Net4Debug|Any CPU
		{9EE49DE3-DDD3-44A1-B580-EAC8A8255ADC}.Net4Debug|arm64.ActiveCfg = Net4Debug|Any CPU
		{9EE49DE3-DDD3-44A1-B580-EAC8A8255ADC}.Net4Debug|arm64.Build.0 = Net4Debug|Any CPU
		{9EE49DE3-DDD3-44A1-B580-EAC8A8255ADC}.Net4Debug|x64.ActiveCfg = Net4Debug|Any CPU
		{9EE49DE3-DDD3-44A1-B580-EAC8A8255ADC}.Net4Debug|x64.Build.0 = Net4Debug|Any CPU
		{9EE49DE3-DDD3-44A1-B580-EAC8A8255ADC}.Net4Debug|x86.ActiveCfg = Net4Debug|Any CPU
		{9EE49DE3-DDD3-44A1-B580-EAC8A8255ADC}.Release|Any CPU.ActiveCfg = Release|Any CPU
		{9EE49DE3-DDD3-44A1-B580-EAC8A8255ADC}.Release|Any CPU.Build.0 = Release|Any CPU
		{9EE49DE3-DDD3-44A1-B580-EAC8A8255ADC}.Release|ARM.ActiveCfg = Release|Any CPU
		{9EE49DE3-DDD3-44A1-B580-EAC8A8255ADC}.Release|ARM.Build.0 = Release|Any CPU
		{9EE49DE3-DDD3-44A1-B580-EAC8A8255ADC}.Release|arm64.ActiveCfg = Release|Any CPU
		{9EE49DE3-DDD3-44A1-B580-EAC8A8255ADC}.Release|arm64.Build.0 = Release|Any CPU
		{9EE49DE3-DDD3-44A1-B580-EAC8A8255ADC}.Release|x64.ActiveCfg = Release|Any CPU
		{9EE49DE3-DDD3-44A1-B580-EAC8A8255ADC}.Release|x64.Build.0 = Release|Any CPU
		{9EE49DE3-DDD3-44A1-B580-EAC8A8255ADC}.Release|x86.ActiveCfg = Release|Any CPU
		{9EE49DE3-DDD3-44A1-B580-EAC8A8255ADC}.Release|x86.Build.0 = Release|Any CPU
		{9F31BF73-8CE2-465B-9827-A524C17E81A7}.Debug|Any CPU.ActiveCfg = Debug|Any CPU
		{9F31BF73-8CE2-465B-9827-A524C17E81A7}.Debug|Any CPU.Build.0 = Debug|Any CPU
		{9F31BF73-8CE2-465B-9827-A524C17E81A7}.Debug|ARM.ActiveCfg = Debug|Any CPU
		{9F31BF73-8CE2-465B-9827-A524C17E81A7}.Debug|ARM.Build.0 = Debug|Any CPU
		{9F31BF73-8CE2-465B-9827-A524C17E81A7}.Debug|arm64.ActiveCfg = Debug|Any CPU
		{9F31BF73-8CE2-465B-9827-A524C17E81A7}.Debug|arm64.Build.0 = Debug|Any CPU
		{9F31BF73-8CE2-465B-9827-A524C17E81A7}.Debug|x64.ActiveCfg = Debug|Any CPU
		{9F31BF73-8CE2-465B-9827-A524C17E81A7}.Debug|x64.Build.0 = Debug|Any CPU
		{9F31BF73-8CE2-465B-9827-A524C17E81A7}.Debug|x86.ActiveCfg = Debug|Any CPU
		{9F31BF73-8CE2-465B-9827-A524C17E81A7}.Debug|x86.Build.0 = Debug|Any CPU
		{9F31BF73-8CE2-465B-9827-A524C17E81A7}.Net4Debug|Any CPU.ActiveCfg = Net4Debug|Any CPU
		{9F31BF73-8CE2-465B-9827-A524C17E81A7}.Net4Debug|Any CPU.Build.0 = Net4Debug|Any CPU
		{9F31BF73-8CE2-465B-9827-A524C17E81A7}.Net4Debug|ARM.ActiveCfg = Net4Debug|Any CPU
		{9F31BF73-8CE2-465B-9827-A524C17E81A7}.Net4Debug|ARM.Build.0 = Net4Debug|Any CPU
		{9F31BF73-8CE2-465B-9827-A524C17E81A7}.Net4Debug|arm64.ActiveCfg = Net4Debug|Any CPU
		{9F31BF73-8CE2-465B-9827-A524C17E81A7}.Net4Debug|arm64.Build.0 = Net4Debug|Any CPU
		{9F31BF73-8CE2-465B-9827-A524C17E81A7}.Net4Debug|x64.ActiveCfg = Net4Debug|Any CPU
		{9F31BF73-8CE2-465B-9827-A524C17E81A7}.Net4Debug|x64.Build.0 = Net4Debug|Any CPU
		{9F31BF73-8CE2-465B-9827-A524C17E81A7}.Net4Debug|x86.ActiveCfg = Net4Debug|Any CPU
		{9F31BF73-8CE2-465B-9827-A524C17E81A7}.Release|Any CPU.ActiveCfg = Release|Any CPU
		{9F31BF73-8CE2-465B-9827-A524C17E81A7}.Release|Any CPU.Build.0 = Release|Any CPU
		{9F31BF73-8CE2-465B-9827-A524C17E81A7}.Release|ARM.ActiveCfg = Release|Any CPU
		{9F31BF73-8CE2-465B-9827-A524C17E81A7}.Release|ARM.Build.0 = Release|Any CPU
		{9F31BF73-8CE2-465B-9827-A524C17E81A7}.Release|arm64.ActiveCfg = Release|Any CPU
		{9F31BF73-8CE2-465B-9827-A524C17E81A7}.Release|arm64.Build.0 = Release|Any CPU
		{9F31BF73-8CE2-465B-9827-A524C17E81A7}.Release|x64.ActiveCfg = Release|Any CPU
		{9F31BF73-8CE2-465B-9827-A524C17E81A7}.Release|x64.Build.0 = Release|Any CPU
		{9F31BF73-8CE2-465B-9827-A524C17E81A7}.Release|x86.ActiveCfg = Release|Any CPU
		{9F31BF73-8CE2-465B-9827-A524C17E81A7}.Release|x86.Build.0 = Release|Any CPU
		{24E61D70-149D-4513-8F44-1292BA1566D5}.Debug|Any CPU.ActiveCfg = Debug|Any CPU
		{24E61D70-149D-4513-8F44-1292BA1566D5}.Debug|Any CPU.Build.0 = Debug|Any CPU
		{24E61D70-149D-4513-8F44-1292BA1566D5}.Debug|ARM.ActiveCfg = Debug|Any CPU
		{24E61D70-149D-4513-8F44-1292BA1566D5}.Debug|ARM.Build.0 = Debug|Any CPU
		{24E61D70-149D-4513-8F44-1292BA1566D5}.Debug|arm64.ActiveCfg = Debug|Any CPU
		{24E61D70-149D-4513-8F44-1292BA1566D5}.Debug|arm64.Build.0 = Debug|Any CPU
		{24E61D70-149D-4513-8F44-1292BA1566D5}.Debug|x64.ActiveCfg = Debug|Any CPU
		{24E61D70-149D-4513-8F44-1292BA1566D5}.Debug|x64.Build.0 = Debug|Any CPU
		{24E61D70-149D-4513-8F44-1292BA1566D5}.Debug|x86.ActiveCfg = Debug|x86
		{24E61D70-149D-4513-8F44-1292BA1566D5}.Debug|x86.Build.0 = Debug|x86
		{24E61D70-149D-4513-8F44-1292BA1566D5}.Net4Debug|Any CPU.ActiveCfg = Debug|Any CPU
		{24E61D70-149D-4513-8F44-1292BA1566D5}.Net4Debug|ARM.ActiveCfg = Debug|Any CPU
		{24E61D70-149D-4513-8F44-1292BA1566D5}.Net4Debug|arm64.ActiveCfg = Debug|Any CPU
		{24E61D70-149D-4513-8F44-1292BA1566D5}.Net4Debug|x64.ActiveCfg = Debug|Any CPU
		{24E61D70-149D-4513-8F44-1292BA1566D5}.Net4Debug|x86.ActiveCfg = Debug|x86
		{24E61D70-149D-4513-8F44-1292BA1566D5}.Release|Any CPU.ActiveCfg = Release|Any CPU
		{24E61D70-149D-4513-8F44-1292BA1566D5}.Release|Any CPU.Build.0 = Release|Any CPU
		{24E61D70-149D-4513-8F44-1292BA1566D5}.Release|ARM.ActiveCfg = Release|Any CPU
		{24E61D70-149D-4513-8F44-1292BA1566D5}.Release|ARM.Build.0 = Release|Any CPU
		{24E61D70-149D-4513-8F44-1292BA1566D5}.Release|arm64.ActiveCfg = Release|Any CPU
		{24E61D70-149D-4513-8F44-1292BA1566D5}.Release|arm64.Build.0 = Release|Any CPU
		{24E61D70-149D-4513-8F44-1292BA1566D5}.Release|x64.ActiveCfg = Release|Any CPU
		{24E61D70-149D-4513-8F44-1292BA1566D5}.Release|x64.Build.0 = Release|Any CPU
		{24E61D70-149D-4513-8F44-1292BA1566D5}.Release|x86.ActiveCfg = Release|Any CPU
		{24E61D70-149D-4513-8F44-1292BA1566D5}.Release|x86.Build.0 = Release|Any CPU
		{96013540-99AB-4B8D-9E65-458709125016}.Debug|Any CPU.ActiveCfg = Debug|x86
		{96013540-99AB-4B8D-9E65-458709125016}.Debug|ARM.ActiveCfg = Debug|x86
		{96013540-99AB-4B8D-9E65-458709125016}.Debug|arm64.ActiveCfg = Debug|arm64
		{96013540-99AB-4B8D-9E65-458709125016}.Debug|arm64.Build.0 = Debug|arm64
		{96013540-99AB-4B8D-9E65-458709125016}.Debug|arm64.Deploy.0 = Debug|arm64
		{96013540-99AB-4B8D-9E65-458709125016}.Debug|x64.ActiveCfg = Debug|x64
		{96013540-99AB-4B8D-9E65-458709125016}.Debug|x64.Build.0 = Debug|x64
		{96013540-99AB-4B8D-9E65-458709125016}.Debug|x64.Deploy.0 = Debug|x64
		{96013540-99AB-4B8D-9E65-458709125016}.Debug|x86.ActiveCfg = Debug|x86
		{96013540-99AB-4B8D-9E65-458709125016}.Debug|x86.Build.0 = Debug|x86
		{96013540-99AB-4B8D-9E65-458709125016}.Debug|x86.Deploy.0 = Debug|x86
		{96013540-99AB-4B8D-9E65-458709125016}.Net4Debug|Any CPU.ActiveCfg = Net4Debug|x86
		{96013540-99AB-4B8D-9E65-458709125016}.Net4Debug|ARM.ActiveCfg = Net4Debug|x86
		{96013540-99AB-4B8D-9E65-458709125016}.Net4Debug|arm64.ActiveCfg = Net4Debug|arm64
		{96013540-99AB-4B8D-9E65-458709125016}.Net4Debug|arm64.Build.0 = Net4Debug|arm64
		{96013540-99AB-4B8D-9E65-458709125016}.Net4Debug|arm64.Deploy.0 = Net4Debug|arm64
		{96013540-99AB-4B8D-9E65-458709125016}.Net4Debug|x64.ActiveCfg = Net4Debug|x64
		{96013540-99AB-4B8D-9E65-458709125016}.Net4Debug|x64.Build.0 = Net4Debug|x64
		{96013540-99AB-4B8D-9E65-458709125016}.Net4Debug|x64.Deploy.0 = Net4Debug|x64
		{96013540-99AB-4B8D-9E65-458709125016}.Net4Debug|x86.ActiveCfg = Net4Debug|x86
		{96013540-99AB-4B8D-9E65-458709125016}.Release|Any CPU.ActiveCfg = Release|x86
		{96013540-99AB-4B8D-9E65-458709125016}.Release|ARM.ActiveCfg = Release|x86
		{96013540-99AB-4B8D-9E65-458709125016}.Release|arm64.ActiveCfg = Release|arm64
		{96013540-99AB-4B8D-9E65-458709125016}.Release|arm64.Build.0 = Release|arm64
		{96013540-99AB-4B8D-9E65-458709125016}.Release|arm64.Deploy.0 = Release|arm64
		{96013540-99AB-4B8D-9E65-458709125016}.Release|x64.ActiveCfg = Release|x64
		{96013540-99AB-4B8D-9E65-458709125016}.Release|x64.Build.0 = Release|x64
		{96013540-99AB-4B8D-9E65-458709125016}.Release|x64.Deploy.0 = Release|x64
		{96013540-99AB-4B8D-9E65-458709125016}.Release|x86.ActiveCfg = Release|x86
		{96013540-99AB-4B8D-9E65-458709125016}.Release|x86.Build.0 = Release|x86
		{96013540-99AB-4B8D-9E65-458709125016}.Release|x86.Deploy.0 = Release|x86
		{EC4A2D41-9EF3-4AA0-9470-443F354FFBF5}.Debug|Any CPU.ActiveCfg = Debug|x86
		{EC4A2D41-9EF3-4AA0-9470-443F354FFBF5}.Debug|ARM.ActiveCfg = Debug|x86
		{EC4A2D41-9EF3-4AA0-9470-443F354FFBF5}.Debug|arm64.ActiveCfg = Debug|arm64
		{EC4A2D41-9EF3-4AA0-9470-443F354FFBF5}.Debug|arm64.Build.0 = Debug|arm64
		{EC4A2D41-9EF3-4AA0-9470-443F354FFBF5}.Debug|x64.ActiveCfg = Debug|x64
		{EC4A2D41-9EF3-4AA0-9470-443F354FFBF5}.Debug|x64.Build.0 = Debug|x64
		{EC4A2D41-9EF3-4AA0-9470-443F354FFBF5}.Debug|x86.ActiveCfg = Debug|x86
		{EC4A2D41-9EF3-4AA0-9470-443F354FFBF5}.Debug|x86.Build.0 = Debug|x86
		{EC4A2D41-9EF3-4AA0-9470-443F354FFBF5}.Net4Debug|Any CPU.ActiveCfg = Net4Debug|x86
		{EC4A2D41-9EF3-4AA0-9470-443F354FFBF5}.Net4Debug|ARM.ActiveCfg = Net4Debug|x86
		{EC4A2D41-9EF3-4AA0-9470-443F354FFBF5}.Net4Debug|arm64.ActiveCfg = Net4Debug|arm64
		{EC4A2D41-9EF3-4AA0-9470-443F354FFBF5}.Net4Debug|arm64.Build.0 = Net4Debug|arm64
		{EC4A2D41-9EF3-4AA0-9470-443F354FFBF5}.Net4Debug|x64.ActiveCfg = Net4Debug|x64
		{EC4A2D41-9EF3-4AA0-9470-443F354FFBF5}.Net4Debug|x64.Build.0 = Net4Debug|x64
		{EC4A2D41-9EF3-4AA0-9470-443F354FFBF5}.Net4Debug|x86.ActiveCfg = Net4Debug|x86
		{EC4A2D41-9EF3-4AA0-9470-443F354FFBF5}.Release|Any CPU.ActiveCfg = Release|x86
		{EC4A2D41-9EF3-4AA0-9470-443F354FFBF5}.Release|ARM.ActiveCfg = Release|x86
		{EC4A2D41-9EF3-4AA0-9470-443F354FFBF5}.Release|arm64.ActiveCfg = Release|arm64
		{EC4A2D41-9EF3-4AA0-9470-443F354FFBF5}.Release|arm64.Build.0 = Release|arm64
		{EC4A2D41-9EF3-4AA0-9470-443F354FFBF5}.Release|x64.ActiveCfg = Release|x64
		{EC4A2D41-9EF3-4AA0-9470-443F354FFBF5}.Release|x64.Build.0 = Release|x64
		{EC4A2D41-9EF3-4AA0-9470-443F354FFBF5}.Release|x86.ActiveCfg = Release|x86
		{EC4A2D41-9EF3-4AA0-9470-443F354FFBF5}.Release|x86.Build.0 = Release|x86
		{361072AB-B487-465E-BB9A-A5F55E24F629}.Debug|Any CPU.ActiveCfg = Debug|Any CPU
		{361072AB-B487-465E-BB9A-A5F55E24F629}.Debug|Any CPU.Build.0 = Debug|Any CPU
		{361072AB-B487-465E-BB9A-A5F55E24F629}.Debug|ARM.ActiveCfg = Debug|Any CPU
		{361072AB-B487-465E-BB9A-A5F55E24F629}.Debug|ARM.Build.0 = Debug|Any CPU
		{361072AB-B487-465E-BB9A-A5F55E24F629}.Debug|arm64.ActiveCfg = Debug|Any CPU
		{361072AB-B487-465E-BB9A-A5F55E24F629}.Debug|arm64.Build.0 = Debug|Any CPU
		{361072AB-B487-465E-BB9A-A5F55E24F629}.Debug|x64.ActiveCfg = Debug|Any CPU
		{361072AB-B487-465E-BB9A-A5F55E24F629}.Debug|x64.Build.0 = Debug|Any CPU
		{361072AB-B487-465E-BB9A-A5F55E24F629}.Debug|x86.ActiveCfg = Debug|Any CPU
		{361072AB-B487-465E-BB9A-A5F55E24F629}.Debug|x86.Build.0 = Debug|Any CPU
		{361072AB-B487-465E-BB9A-A5F55E24F629}.Net4Debug|Any CPU.ActiveCfg = Net4Debug|Any CPU
		{361072AB-B487-465E-BB9A-A5F55E24F629}.Net4Debug|Any CPU.Build.0 = Net4Debug|Any CPU
		{361072AB-B487-465E-BB9A-A5F55E24F629}.Net4Debug|ARM.ActiveCfg = Net4Debug|Any CPU
		{361072AB-B487-465E-BB9A-A5F55E24F629}.Net4Debug|ARM.Build.0 = Net4Debug|Any CPU
		{361072AB-B487-465E-BB9A-A5F55E24F629}.Net4Debug|arm64.ActiveCfg = Net4Debug|Any CPU
		{361072AB-B487-465E-BB9A-A5F55E24F629}.Net4Debug|arm64.Build.0 = Net4Debug|Any CPU
		{361072AB-B487-465E-BB9A-A5F55E24F629}.Net4Debug|x64.ActiveCfg = Net4Debug|Any CPU
		{361072AB-B487-465E-BB9A-A5F55E24F629}.Net4Debug|x64.Build.0 = Net4Debug|Any CPU
		{361072AB-B487-465E-BB9A-A5F55E24F629}.Net4Debug|x86.ActiveCfg = Net4Debug|Any CPU
		{361072AB-B487-465E-BB9A-A5F55E24F629}.Net4Debug|x86.Build.0 = Net4Debug|Any CPU
		{361072AB-B487-465E-BB9A-A5F55E24F629}.Release|Any CPU.ActiveCfg = Release|Any CPU
		{361072AB-B487-465E-BB9A-A5F55E24F629}.Release|Any CPU.Build.0 = Release|Any CPU
		{361072AB-B487-465E-BB9A-A5F55E24F629}.Release|ARM.ActiveCfg = Release|Any CPU
		{361072AB-B487-465E-BB9A-A5F55E24F629}.Release|ARM.Build.0 = Release|Any CPU
		{361072AB-B487-465E-BB9A-A5F55E24F629}.Release|arm64.ActiveCfg = Release|Any CPU
		{361072AB-B487-465E-BB9A-A5F55E24F629}.Release|arm64.Build.0 = Release|Any CPU
		{361072AB-B487-465E-BB9A-A5F55E24F629}.Release|x64.ActiveCfg = Release|Any CPU
		{361072AB-B487-465E-BB9A-A5F55E24F629}.Release|x64.Build.0 = Release|Any CPU
		{361072AB-B487-465E-BB9A-A5F55E24F629}.Release|x86.ActiveCfg = Release|Any CPU
		{361072AB-B487-465E-BB9A-A5F55E24F629}.Release|x86.Build.0 = Release|Any CPU
		{A06BA151-E65A-4857-970D-FD84B8D88AE7}.Debug|Any CPU.ActiveCfg = Debug|Any CPU
		{A06BA151-E65A-4857-970D-FD84B8D88AE7}.Debug|Any CPU.Build.0 = Debug|Any CPU
		{A06BA151-E65A-4857-970D-FD84B8D88AE7}.Debug|ARM.ActiveCfg = Debug|ARM
		{A06BA151-E65A-4857-970D-FD84B8D88AE7}.Debug|ARM.Build.0 = Debug|ARM
		{A06BA151-E65A-4857-970D-FD84B8D88AE7}.Debug|arm64.ActiveCfg = Debug|ARM64
		{A06BA151-E65A-4857-970D-FD84B8D88AE7}.Debug|arm64.Build.0 = Debug|ARM64
		{A06BA151-E65A-4857-970D-FD84B8D88AE7}.Debug|x64.ActiveCfg = Debug|x64
		{A06BA151-E65A-4857-970D-FD84B8D88AE7}.Debug|x64.Build.0 = Debug|x64
		{A06BA151-E65A-4857-970D-FD84B8D88AE7}.Debug|x86.ActiveCfg = Debug|x86
		{A06BA151-E65A-4857-970D-FD84B8D88AE7}.Debug|x86.Build.0 = Debug|x86
		{A06BA151-E65A-4857-970D-FD84B8D88AE7}.Net4Debug|Any CPU.ActiveCfg = Net4Debug|Any CPU
		{A06BA151-E65A-4857-970D-FD84B8D88AE7}.Net4Debug|Any CPU.Build.0 = Net4Debug|Any CPU
		{A06BA151-E65A-4857-970D-FD84B8D88AE7}.Net4Debug|ARM.ActiveCfg = Net4Debug|ARM
		{A06BA151-E65A-4857-970D-FD84B8D88AE7}.Net4Debug|ARM.Build.0 = Net4Debug|ARM
		{A06BA151-E65A-4857-970D-FD84B8D88AE7}.Net4Debug|arm64.ActiveCfg = Net4Debug|ARM64
		{A06BA151-E65A-4857-970D-FD84B8D88AE7}.Net4Debug|arm64.Build.0 = Net4Debug|ARM64
		{A06BA151-E65A-4857-970D-FD84B8D88AE7}.Net4Debug|x64.ActiveCfg = Net4Debug|x64
		{A06BA151-E65A-4857-970D-FD84B8D88AE7}.Net4Debug|x64.Build.0 = Net4Debug|x64
		{A06BA151-E65A-4857-970D-FD84B8D88AE7}.Net4Debug|x86.ActiveCfg = Net4Debug|x86
		{A06BA151-E65A-4857-970D-FD84B8D88AE7}.Release|Any CPU.ActiveCfg = Release|Any CPU
		{A06BA151-E65A-4857-970D-FD84B8D88AE7}.Release|Any CPU.Build.0 = Release|Any CPU
		{A06BA151-E65A-4857-970D-FD84B8D88AE7}.Release|ARM.ActiveCfg = Release|ARM
		{A06BA151-E65A-4857-970D-FD84B8D88AE7}.Release|ARM.Build.0 = Release|ARM
		{A06BA151-E65A-4857-970D-FD84B8D88AE7}.Release|arm64.ActiveCfg = Release|ARM64
		{A06BA151-E65A-4857-970D-FD84B8D88AE7}.Release|arm64.Build.0 = Release|ARM64
		{A06BA151-E65A-4857-970D-FD84B8D88AE7}.Release|x64.ActiveCfg = Release|x64
		{A06BA151-E65A-4857-970D-FD84B8D88AE7}.Release|x64.Build.0 = Release|x64
		{A06BA151-E65A-4857-970D-FD84B8D88AE7}.Release|x86.ActiveCfg = Release|x86
		{A06BA151-E65A-4857-970D-FD84B8D88AE7}.Release|x86.Build.0 = Release|x86
		{262447AB-DFCD-4E2A-9181-0B58E86E1673}.Debug|Any CPU.ActiveCfg = Debug|Any CPU
		{262447AB-DFCD-4E2A-9181-0B58E86E1673}.Debug|Any CPU.Build.0 = Debug|Any CPU
		{262447AB-DFCD-4E2A-9181-0B58E86E1673}.Debug|ARM.ActiveCfg = Debug|ARM
		{262447AB-DFCD-4E2A-9181-0B58E86E1673}.Debug|ARM.Build.0 = Debug|ARM
		{262447AB-DFCD-4E2A-9181-0B58E86E1673}.Debug|arm64.ActiveCfg = Debug|ARM64
		{262447AB-DFCD-4E2A-9181-0B58E86E1673}.Debug|arm64.Build.0 = Debug|ARM64
		{262447AB-DFCD-4E2A-9181-0B58E86E1673}.Debug|x64.ActiveCfg = Debug|x64
		{262447AB-DFCD-4E2A-9181-0B58E86E1673}.Debug|x64.Build.0 = Debug|x64
		{262447AB-DFCD-4E2A-9181-0B58E86E1673}.Debug|x86.ActiveCfg = Debug|x86
		{262447AB-DFCD-4E2A-9181-0B58E86E1673}.Debug|x86.Build.0 = Debug|x86
		{262447AB-DFCD-4E2A-9181-0B58E86E1673}.Net4Debug|Any CPU.ActiveCfg = Net4Debug|Any CPU
		{262447AB-DFCD-4E2A-9181-0B58E86E1673}.Net4Debug|Any CPU.Build.0 = Net4Debug|Any CPU
		{262447AB-DFCD-4E2A-9181-0B58E86E1673}.Net4Debug|ARM.ActiveCfg = Net4Debug|ARM
		{262447AB-DFCD-4E2A-9181-0B58E86E1673}.Net4Debug|ARM.Build.0 = Net4Debug|ARM
		{262447AB-DFCD-4E2A-9181-0B58E86E1673}.Net4Debug|arm64.ActiveCfg = Net4Debug|ARM64
		{262447AB-DFCD-4E2A-9181-0B58E86E1673}.Net4Debug|arm64.Build.0 = Net4Debug|ARM64
		{262447AB-DFCD-4E2A-9181-0B58E86E1673}.Net4Debug|x64.ActiveCfg = Net4Debug|x64
		{262447AB-DFCD-4E2A-9181-0B58E86E1673}.Net4Debug|x64.Build.0 = Net4Debug|x64
		{262447AB-DFCD-4E2A-9181-0B58E86E1673}.Net4Debug|x86.ActiveCfg = Net4Debug|x86
		{262447AB-DFCD-4E2A-9181-0B58E86E1673}.Release|Any CPU.ActiveCfg = Release|Any CPU
		{262447AB-DFCD-4E2A-9181-0B58E86E1673}.Release|Any CPU.Build.0 = Release|Any CPU
		{262447AB-DFCD-4E2A-9181-0B58E86E1673}.Release|ARM.ActiveCfg = Release|ARM
		{262447AB-DFCD-4E2A-9181-0B58E86E1673}.Release|ARM.Build.0 = Release|ARM
		{262447AB-DFCD-4E2A-9181-0B58E86E1673}.Release|arm64.ActiveCfg = Release|ARM64
		{262447AB-DFCD-4E2A-9181-0B58E86E1673}.Release|arm64.Build.0 = Release|ARM64
		{262447AB-DFCD-4E2A-9181-0B58E86E1673}.Release|x64.ActiveCfg = Release|x64
		{262447AB-DFCD-4E2A-9181-0B58E86E1673}.Release|x64.Build.0 = Release|x64
		{262447AB-DFCD-4E2A-9181-0B58E86E1673}.Release|x86.ActiveCfg = Release|x86
		{262447AB-DFCD-4E2A-9181-0B58E86E1673}.Release|x86.Build.0 = Release|x86
		{899808C9-09F2-4C20-854D-B1B84D1DC71B}.Debug|Any CPU.ActiveCfg = Debug|Win32
		{899808C9-09F2-4C20-854D-B1B84D1DC71B}.Debug|ARM.ActiveCfg = Debug|Win32
		{899808C9-09F2-4C20-854D-B1B84D1DC71B}.Debug|arm64.ActiveCfg = Debug|arm64
		{899808C9-09F2-4C20-854D-B1B84D1DC71B}.Debug|arm64.Build.0 = Debug|arm64
		{899808C9-09F2-4C20-854D-B1B84D1DC71B}.Debug|x64.ActiveCfg = Debug|x64
		{899808C9-09F2-4C20-854D-B1B84D1DC71B}.Debug|x64.Build.0 = Debug|x64
		{899808C9-09F2-4C20-854D-B1B84D1DC71B}.Debug|x86.ActiveCfg = Debug|Win32
		{899808C9-09F2-4C20-854D-B1B84D1DC71B}.Debug|x86.Build.0 = Debug|Win32
		{899808C9-09F2-4C20-854D-B1B84D1DC71B}.Net4Debug|Any CPU.ActiveCfg = Net4Debug|Win32
		{899808C9-09F2-4C20-854D-B1B84D1DC71B}.Net4Debug|ARM.ActiveCfg = Net4Debug|Win32
		{899808C9-09F2-4C20-854D-B1B84D1DC71B}.Net4Debug|arm64.ActiveCfg = Net4Debug|arm64
		{899808C9-09F2-4C20-854D-B1B84D1DC71B}.Net4Debug|arm64.Build.0 = Net4Debug|arm64
		{899808C9-09F2-4C20-854D-B1B84D1DC71B}.Net4Debug|x64.ActiveCfg = Net4Debug|x64
		{899808C9-09F2-4C20-854D-B1B84D1DC71B}.Net4Debug|x64.Build.0 = Net4Debug|x64
		{899808C9-09F2-4C20-854D-B1B84D1DC71B}.Net4Debug|x86.ActiveCfg = Net4Debug|Win32
		{899808C9-09F2-4C20-854D-B1B84D1DC71B}.Release|Any CPU.ActiveCfg = Release|Win32
		{899808C9-09F2-4C20-854D-B1B84D1DC71B}.Release|ARM.ActiveCfg = Release|Win32
		{899808C9-09F2-4C20-854D-B1B84D1DC71B}.Release|arm64.ActiveCfg = Release|arm64
		{899808C9-09F2-4C20-854D-B1B84D1DC71B}.Release|arm64.Build.0 = Release|arm64
		{899808C9-09F2-4C20-854D-B1B84D1DC71B}.Release|x64.ActiveCfg = Release|x64
		{899808C9-09F2-4C20-854D-B1B84D1DC71B}.Release|x64.Build.0 = Release|x64
		{899808C9-09F2-4C20-854D-B1B84D1DC71B}.Release|x86.ActiveCfg = Release|Win32
		{899808C9-09F2-4C20-854D-B1B84D1DC71B}.Release|x86.Build.0 = Release|Win32
		{4C2A1A30-8E3A-44E0-99B6-A80B73DC2923}.Debug|Any CPU.ActiveCfg = Debug|Any CPU
		{4C2A1A30-8E3A-44E0-99B6-A80B73DC2923}.Debug|Any CPU.Build.0 = Debug|Any CPU
		{4C2A1A30-8E3A-44E0-99B6-A80B73DC2923}.Debug|ARM.ActiveCfg = Debug|Any CPU
		{4C2A1A30-8E3A-44E0-99B6-A80B73DC2923}.Debug|ARM.Build.0 = Debug|Any CPU
		{4C2A1A30-8E3A-44E0-99B6-A80B73DC2923}.Debug|arm64.ActiveCfg = Debug|Any CPU
		{4C2A1A30-8E3A-44E0-99B6-A80B73DC2923}.Debug|arm64.Build.0 = Debug|Any CPU
		{4C2A1A30-8E3A-44E0-99B6-A80B73DC2923}.Debug|x64.ActiveCfg = Debug|Any CPU
		{4C2A1A30-8E3A-44E0-99B6-A80B73DC2923}.Debug|x64.Build.0 = Debug|Any CPU
		{4C2A1A30-8E3A-44E0-99B6-A80B73DC2923}.Debug|x86.ActiveCfg = Debug|x86
		{4C2A1A30-8E3A-44E0-99B6-A80B73DC2923}.Debug|x86.Build.0 = Debug|x86
		{4C2A1A30-8E3A-44E0-99B6-A80B73DC2923}.Net4Debug|Any CPU.ActiveCfg = Net4Debug|Any CPU
		{4C2A1A30-8E3A-44E0-99B6-A80B73DC2923}.Net4Debug|Any CPU.Build.0 = Net4Debug|Any CPU
		{4C2A1A30-8E3A-44E0-99B6-A80B73DC2923}.Net4Debug|ARM.ActiveCfg = Net4Debug|Any CPU
		{4C2A1A30-8E3A-44E0-99B6-A80B73DC2923}.Net4Debug|ARM.Build.0 = Net4Debug|Any CPU
		{4C2A1A30-8E3A-44E0-99B6-A80B73DC2923}.Net4Debug|arm64.ActiveCfg = Net4Debug|Any CPU
		{4C2A1A30-8E3A-44E0-99B6-A80B73DC2923}.Net4Debug|arm64.Build.0 = Net4Debug|Any CPU
		{4C2A1A30-8E3A-44E0-99B6-A80B73DC2923}.Net4Debug|x64.ActiveCfg = Net4Debug|Any CPU
		{4C2A1A30-8E3A-44E0-99B6-A80B73DC2923}.Net4Debug|x64.Build.0 = Net4Debug|Any CPU
		{4C2A1A30-8E3A-44E0-99B6-A80B73DC2923}.Net4Debug|x86.ActiveCfg = Net4Debug|x86
		{4C2A1A30-8E3A-44E0-99B6-A80B73DC2923}.Net4Debug|x86.Build.0 = Net4Debug|x86
		{4C2A1A30-8E3A-44E0-99B6-A80B73DC2923}.Release|Any CPU.ActiveCfg = Release|Any CPU
		{4C2A1A30-8E3A-44E0-99B6-A80B73DC2923}.Release|Any CPU.Build.0 = Release|Any CPU
		{4C2A1A30-8E3A-44E0-99B6-A80B73DC2923}.Release|ARM.ActiveCfg = Release|Any CPU
		{4C2A1A30-8E3A-44E0-99B6-A80B73DC2923}.Release|ARM.Build.0 = Release|Any CPU
		{4C2A1A30-8E3A-44E0-99B6-A80B73DC2923}.Release|arm64.ActiveCfg = Release|Any CPU
		{4C2A1A30-8E3A-44E0-99B6-A80B73DC2923}.Release|arm64.Build.0 = Release|Any CPU
		{4C2A1A30-8E3A-44E0-99B6-A80B73DC2923}.Release|x64.ActiveCfg = Release|Any CPU
		{4C2A1A30-8E3A-44E0-99B6-A80B73DC2923}.Release|x64.Build.0 = Release|Any CPU
		{4C2A1A30-8E3A-44E0-99B6-A80B73DC2923}.Release|x86.ActiveCfg = Release|Any CPU
		{4C2A1A30-8E3A-44E0-99B6-A80B73DC2923}.Release|x86.Build.0 = Release|Any CPU
		{975C5227-50C2-4FF6-B204-7F1BDEE120DD}.Debug|Any CPU.ActiveCfg = Debug|Any CPU
		{975C5227-50C2-4FF6-B204-7F1BDEE120DD}.Debug|Any CPU.Build.0 = Debug|Any CPU
		{975C5227-50C2-4FF6-B204-7F1BDEE120DD}.Debug|Any CPU.Deploy.0 = Debug|Any CPU
		{975C5227-50C2-4FF6-B204-7F1BDEE120DD}.Debug|ARM.ActiveCfg = Debug|ARM
		{975C5227-50C2-4FF6-B204-7F1BDEE120DD}.Debug|ARM.Build.0 = Debug|ARM
		{975C5227-50C2-4FF6-B204-7F1BDEE120DD}.Debug|ARM.Deploy.0 = Debug|ARM
		{975C5227-50C2-4FF6-B204-7F1BDEE120DD}.Debug|arm64.ActiveCfg = Debug|ARM64
		{975C5227-50C2-4FF6-B204-7F1BDEE120DD}.Debug|arm64.Build.0 = Debug|ARM64
		{975C5227-50C2-4FF6-B204-7F1BDEE120DD}.Debug|arm64.Deploy.0 = Debug|ARM64
		{975C5227-50C2-4FF6-B204-7F1BDEE120DD}.Debug|x64.ActiveCfg = Debug|x64
		{975C5227-50C2-4FF6-B204-7F1BDEE120DD}.Debug|x64.Build.0 = Debug|x64
		{975C5227-50C2-4FF6-B204-7F1BDEE120DD}.Debug|x64.Deploy.0 = Debug|x64
		{975C5227-50C2-4FF6-B204-7F1BDEE120DD}.Debug|x86.ActiveCfg = Debug|x86
		{975C5227-50C2-4FF6-B204-7F1BDEE120DD}.Debug|x86.Build.0 = Debug|x86
		{975C5227-50C2-4FF6-B204-7F1BDEE120DD}.Debug|x86.Deploy.0 = Debug|x86
		{975C5227-50C2-4FF6-B204-7F1BDEE120DD}.Net4Debug|Any CPU.ActiveCfg = Debug|Any CPU
		{975C5227-50C2-4FF6-B204-7F1BDEE120DD}.Net4Debug|ARM.ActiveCfg = Debug|ARM
		{975C5227-50C2-4FF6-B204-7F1BDEE120DD}.Net4Debug|arm64.ActiveCfg = Debug|ARM64
		{975C5227-50C2-4FF6-B204-7F1BDEE120DD}.Net4Debug|x64.ActiveCfg = Debug|x64
		{975C5227-50C2-4FF6-B204-7F1BDEE120DD}.Net4Debug|x86.ActiveCfg = Debug|x86
		{975C5227-50C2-4FF6-B204-7F1BDEE120DD}.Release|Any CPU.ActiveCfg = Release|Any CPU
		{975C5227-50C2-4FF6-B204-7F1BDEE120DD}.Release|Any CPU.Build.0 = Release|Any CPU
		{975C5227-50C2-4FF6-B204-7F1BDEE120DD}.Release|Any CPU.Deploy.0 = Release|Any CPU
		{975C5227-50C2-4FF6-B204-7F1BDEE120DD}.Release|ARM.ActiveCfg = Release|ARM
		{975C5227-50C2-4FF6-B204-7F1BDEE120DD}.Release|ARM.Build.0 = Release|ARM
		{975C5227-50C2-4FF6-B204-7F1BDEE120DD}.Release|ARM.Deploy.0 = Release|ARM
		{975C5227-50C2-4FF6-B204-7F1BDEE120DD}.Release|arm64.ActiveCfg = Release|ARM64
		{975C5227-50C2-4FF6-B204-7F1BDEE120DD}.Release|arm64.Build.0 = Release|ARM64
		{975C5227-50C2-4FF6-B204-7F1BDEE120DD}.Release|arm64.Deploy.0 = Release|ARM64
		{975C5227-50C2-4FF6-B204-7F1BDEE120DD}.Release|x64.ActiveCfg = Release|x64
		{975C5227-50C2-4FF6-B204-7F1BDEE120DD}.Release|x64.Build.0 = Release|x64
		{975C5227-50C2-4FF6-B204-7F1BDEE120DD}.Release|x64.Deploy.0 = Release|x64
		{975C5227-50C2-4FF6-B204-7F1BDEE120DD}.Release|x86.ActiveCfg = Release|x86
		{975C5227-50C2-4FF6-B204-7F1BDEE120DD}.Release|x86.Build.0 = Release|x86
		{975C5227-50C2-4FF6-B204-7F1BDEE120DD}.Release|x86.Deploy.0 = Release|x86
		{25FC5328-E25D-4A97-973C-5835ED1FEADA}.Debug|Any CPU.ActiveCfg = Debug|x86
		{25FC5328-E25D-4A97-973C-5835ED1FEADA}.Debug|ARM.ActiveCfg = Debug|ARM
		{25FC5328-E25D-4A97-973C-5835ED1FEADA}.Debug|ARM.Build.0 = Debug|ARM
		{25FC5328-E25D-4A97-973C-5835ED1FEADA}.Debug|ARM.Deploy.0 = Debug|ARM
		{25FC5328-E25D-4A97-973C-5835ED1FEADA}.Debug|arm64.ActiveCfg = Debug|ARM64
		{25FC5328-E25D-4A97-973C-5835ED1FEADA}.Debug|arm64.Build.0 = Debug|ARM64
		{25FC5328-E25D-4A97-973C-5835ED1FEADA}.Debug|arm64.Deploy.0 = Debug|ARM64
		{25FC5328-E25D-4A97-973C-5835ED1FEADA}.Debug|x64.ActiveCfg = Debug|x64
		{25FC5328-E25D-4A97-973C-5835ED1FEADA}.Debug|x64.Build.0 = Debug|x64
		{25FC5328-E25D-4A97-973C-5835ED1FEADA}.Debug|x64.Deploy.0 = Debug|x64
		{25FC5328-E25D-4A97-973C-5835ED1FEADA}.Debug|x86.ActiveCfg = Debug|x86
		{25FC5328-E25D-4A97-973C-5835ED1FEADA}.Debug|x86.Build.0 = Debug|x86
		{25FC5328-E25D-4A97-973C-5835ED1FEADA}.Debug|x86.Deploy.0 = Debug|x86
		{25FC5328-E25D-4A97-973C-5835ED1FEADA}.Net4Debug|Any CPU.ActiveCfg = Net4Debug|x86
		{25FC5328-E25D-4A97-973C-5835ED1FEADA}.Net4Debug|ARM.ActiveCfg = Net4Debug|ARM
		{25FC5328-E25D-4A97-973C-5835ED1FEADA}.Net4Debug|ARM.Build.0 = Net4Debug|ARM
		{25FC5328-E25D-4A97-973C-5835ED1FEADA}.Net4Debug|ARM.Deploy.0 = Net4Debug|ARM
		{25FC5328-E25D-4A97-973C-5835ED1FEADA}.Net4Debug|arm64.ActiveCfg = Net4Debug|ARM64
		{25FC5328-E25D-4A97-973C-5835ED1FEADA}.Net4Debug|arm64.Build.0 = Net4Debug|ARM64
		{25FC5328-E25D-4A97-973C-5835ED1FEADA}.Net4Debug|arm64.Deploy.0 = Net4Debug|ARM64
		{25FC5328-E25D-4A97-973C-5835ED1FEADA}.Net4Debug|x64.ActiveCfg = Net4Debug|x64
		{25FC5328-E25D-4A97-973C-5835ED1FEADA}.Net4Debug|x64.Build.0 = Net4Debug|x64
		{25FC5328-E25D-4A97-973C-5835ED1FEADA}.Net4Debug|x64.Deploy.0 = Net4Debug|x64
		{25FC5328-E25D-4A97-973C-5835ED1FEADA}.Net4Debug|x86.ActiveCfg = Net4Debug|x86
		{25FC5328-E25D-4A97-973C-5835ED1FEADA}.Release|Any CPU.ActiveCfg = Release|x86
		{25FC5328-E25D-4A97-973C-5835ED1FEADA}.Release|ARM.ActiveCfg = Release|ARM
		{25FC5328-E25D-4A97-973C-5835ED1FEADA}.Release|ARM.Build.0 = Release|ARM
		{25FC5328-E25D-4A97-973C-5835ED1FEADA}.Release|ARM.Deploy.0 = Release|ARM
		{25FC5328-E25D-4A97-973C-5835ED1FEADA}.Release|arm64.ActiveCfg = Release|ARM64
		{25FC5328-E25D-4A97-973C-5835ED1FEADA}.Release|arm64.Build.0 = Release|ARM64
		{25FC5328-E25D-4A97-973C-5835ED1FEADA}.Release|arm64.Deploy.0 = Release|ARM64
		{25FC5328-E25D-4A97-973C-5835ED1FEADA}.Release|x64.ActiveCfg = Release|x64
		{25FC5328-E25D-4A97-973C-5835ED1FEADA}.Release|x64.Build.0 = Release|x64
		{25FC5328-E25D-4A97-973C-5835ED1FEADA}.Release|x64.Deploy.0 = Release|x64
		{25FC5328-E25D-4A97-973C-5835ED1FEADA}.Release|x86.ActiveCfg = Release|x86
		{25FC5328-E25D-4A97-973C-5835ED1FEADA}.Release|x86.Build.0 = Release|x86
		{25FC5328-E25D-4A97-973C-5835ED1FEADA}.Release|x86.Deploy.0 = Release|x86
		{A0CCF180-44F2-4E1B-95F3-B57143E71AD9}.Debug|Any CPU.ActiveCfg = Debug|Any CPU
		{A0CCF180-44F2-4E1B-95F3-B57143E71AD9}.Debug|Any CPU.Build.0 = Debug|Any CPU
		{A0CCF180-44F2-4E1B-95F3-B57143E71AD9}.Debug|ARM.ActiveCfg = Debug|Any CPU
		{A0CCF180-44F2-4E1B-95F3-B57143E71AD9}.Debug|ARM.Build.0 = Debug|Any CPU
		{A0CCF180-44F2-4E1B-95F3-B57143E71AD9}.Debug|arm64.ActiveCfg = Debug|Any CPU
		{A0CCF180-44F2-4E1B-95F3-B57143E71AD9}.Debug|arm64.Build.0 = Debug|Any CPU
		{A0CCF180-44F2-4E1B-95F3-B57143E71AD9}.Debug|x64.ActiveCfg = Debug|Any CPU
		{A0CCF180-44F2-4E1B-95F3-B57143E71AD9}.Debug|x64.Build.0 = Debug|Any CPU
		{A0CCF180-44F2-4E1B-95F3-B57143E71AD9}.Debug|x86.ActiveCfg = Debug|Any CPU
		{A0CCF180-44F2-4E1B-95F3-B57143E71AD9}.Debug|x86.Build.0 = Debug|Any CPU
		{A0CCF180-44F2-4E1B-95F3-B57143E71AD9}.Net4Debug|Any CPU.ActiveCfg = Net4Debug|Any CPU
		{A0CCF180-44F2-4E1B-95F3-B57143E71AD9}.Net4Debug|Any CPU.Build.0 = Net4Debug|Any CPU
		{A0CCF180-44F2-4E1B-95F3-B57143E71AD9}.Net4Debug|ARM.ActiveCfg = Net4Debug|Any CPU
		{A0CCF180-44F2-4E1B-95F3-B57143E71AD9}.Net4Debug|ARM.Build.0 = Net4Debug|Any CPU
		{A0CCF180-44F2-4E1B-95F3-B57143E71AD9}.Net4Debug|arm64.ActiveCfg = Net4Debug|Any CPU
		{A0CCF180-44F2-4E1B-95F3-B57143E71AD9}.Net4Debug|arm64.Build.0 = Net4Debug|Any CPU
		{A0CCF180-44F2-4E1B-95F3-B57143E71AD9}.Net4Debug|x64.ActiveCfg = Net4Debug|Any CPU
		{A0CCF180-44F2-4E1B-95F3-B57143E71AD9}.Net4Debug|x64.Build.0 = Net4Debug|Any CPU
		{A0CCF180-44F2-4E1B-95F3-B57143E71AD9}.Net4Debug|x86.ActiveCfg = Net4Debug|Any CPU
		{A0CCF180-44F2-4E1B-95F3-B57143E71AD9}.Release|Any CPU.ActiveCfg = Release|Any CPU
		{A0CCF180-44F2-4E1B-95F3-B57143E71AD9}.Release|Any CPU.Build.0 = Release|Any CPU
		{A0CCF180-44F2-4E1B-95F3-B57143E71AD9}.Release|ARM.ActiveCfg = Release|Any CPU
		{A0CCF180-44F2-4E1B-95F3-B57143E71AD9}.Release|ARM.Build.0 = Release|Any CPU
		{A0CCF180-44F2-4E1B-95F3-B57143E71AD9}.Release|arm64.ActiveCfg = Release|Any CPU
		{A0CCF180-44F2-4E1B-95F3-B57143E71AD9}.Release|arm64.Build.0 = Release|Any CPU
		{A0CCF180-44F2-4E1B-95F3-B57143E71AD9}.Release|x64.ActiveCfg = Release|Any CPU
		{A0CCF180-44F2-4E1B-95F3-B57143E71AD9}.Release|x64.Build.0 = Release|Any CPU
		{A0CCF180-44F2-4E1B-95F3-B57143E71AD9}.Release|x86.ActiveCfg = Release|Any CPU
		{A0CCF180-44F2-4E1B-95F3-B57143E71AD9}.Release|x86.Build.0 = Release|Any CPU
		{06716DD9-F925-4F64-8701-6EA61C720437}.Debug|Any CPU.ActiveCfg = Debug|Any CPU
		{06716DD9-F925-4F64-8701-6EA61C720437}.Debug|Any CPU.Build.0 = Debug|Any CPU
		{06716DD9-F925-4F64-8701-6EA61C720437}.Debug|ARM.ActiveCfg = Debug|Any CPU
		{06716DD9-F925-4F64-8701-6EA61C720437}.Debug|ARM.Build.0 = Debug|Any CPU
		{06716DD9-F925-4F64-8701-6EA61C720437}.Debug|arm64.ActiveCfg = Debug|Any CPU
		{06716DD9-F925-4F64-8701-6EA61C720437}.Debug|arm64.Build.0 = Debug|Any CPU
		{06716DD9-F925-4F64-8701-6EA61C720437}.Debug|x64.ActiveCfg = Debug|Any CPU
		{06716DD9-F925-4F64-8701-6EA61C720437}.Debug|x64.Build.0 = Debug|Any CPU
		{06716DD9-F925-4F64-8701-6EA61C720437}.Debug|x86.ActiveCfg = Debug|Any CPU
		{06716DD9-F925-4F64-8701-6EA61C720437}.Debug|x86.Build.0 = Debug|Any CPU
		{06716DD9-F925-4F64-8701-6EA61C720437}.Net4Debug|Any CPU.ActiveCfg = Net4Debug|Any CPU
		{06716DD9-F925-4F64-8701-6EA61C720437}.Net4Debug|Any CPU.Build.0 = Net4Debug|Any CPU
		{06716DD9-F925-4F64-8701-6EA61C720437}.Net4Debug|ARM.ActiveCfg = Net4Debug|Any CPU
		{06716DD9-F925-4F64-8701-6EA61C720437}.Net4Debug|ARM.Build.0 = Net4Debug|Any CPU
		{06716DD9-F925-4F64-8701-6EA61C720437}.Net4Debug|arm64.ActiveCfg = Net4Debug|Any CPU
		{06716DD9-F925-4F64-8701-6EA61C720437}.Net4Debug|arm64.Build.0 = Net4Debug|Any CPU
		{06716DD9-F925-4F64-8701-6EA61C720437}.Net4Debug|x64.ActiveCfg = Net4Debug|Any CPU
		{06716DD9-F925-4F64-8701-6EA61C720437}.Net4Debug|x64.Build.0 = Net4Debug|Any CPU
		{06716DD9-F925-4F64-8701-6EA61C720437}.Net4Debug|x86.ActiveCfg = Net4Debug|Any CPU
		{06716DD9-F925-4F64-8701-6EA61C720437}.Release|Any CPU.ActiveCfg = Release|Any CPU
		{06716DD9-F925-4F64-8701-6EA61C720437}.Release|Any CPU.Build.0 = Release|Any CPU
		{06716DD9-F925-4F64-8701-6EA61C720437}.Release|ARM.ActiveCfg = Release|Any CPU
		{06716DD9-F925-4F64-8701-6EA61C720437}.Release|ARM.Build.0 = Release|Any CPU
		{06716DD9-F925-4F64-8701-6EA61C720437}.Release|arm64.ActiveCfg = Release|Any CPU
		{06716DD9-F925-4F64-8701-6EA61C720437}.Release|arm64.Build.0 = Release|Any CPU
		{06716DD9-F925-4F64-8701-6EA61C720437}.Release|x64.ActiveCfg = Release|Any CPU
		{06716DD9-F925-4F64-8701-6EA61C720437}.Release|x64.Build.0 = Release|Any CPU
		{06716DD9-F925-4F64-8701-6EA61C720437}.Release|x86.ActiveCfg = Release|Any CPU
		{06716DD9-F925-4F64-8701-6EA61C720437}.Release|x86.Build.0 = Release|Any CPU
		{A96938A4-926C-4455-A1C0-FFCAAAE1811D}.Debug|Any CPU.ActiveCfg = Debug|Win32
		{A96938A4-926C-4455-A1C0-FFCAAAE1811D}.Debug|ARM.ActiveCfg = Debug|Win32
		{A96938A4-926C-4455-A1C0-FFCAAAE1811D}.Debug|arm64.ActiveCfg = Debug|Win32
		{A96938A4-926C-4455-A1C0-FFCAAAE1811D}.Debug|x64.ActiveCfg = Debug|x64
		{A96938A4-926C-4455-A1C0-FFCAAAE1811D}.Debug|x64.Build.0 = Debug|x64
		{A96938A4-926C-4455-A1C0-FFCAAAE1811D}.Debug|x86.ActiveCfg = Debug|Win32
		{A96938A4-926C-4455-A1C0-FFCAAAE1811D}.Debug|x86.Build.0 = Debug|Win32
		{A96938A4-926C-4455-A1C0-FFCAAAE1811D}.Net4Debug|Any CPU.ActiveCfg = Net4Debug|Win32
		{A96938A4-926C-4455-A1C0-FFCAAAE1811D}.Net4Debug|ARM.ActiveCfg = Net4Debug|Win32
		{A96938A4-926C-4455-A1C0-FFCAAAE1811D}.Net4Debug|arm64.ActiveCfg = Net4Debug|Win32
		{A96938A4-926C-4455-A1C0-FFCAAAE1811D}.Net4Debug|x64.ActiveCfg = Net4Debug|x64
		{A96938A4-926C-4455-A1C0-FFCAAAE1811D}.Net4Debug|x64.Build.0 = Net4Debug|x64
		{A96938A4-926C-4455-A1C0-FFCAAAE1811D}.Net4Debug|x86.ActiveCfg = Net4Debug|Win32
		{A96938A4-926C-4455-A1C0-FFCAAAE1811D}.Release|Any CPU.ActiveCfg = Release|Win32
		{A96938A4-926C-4455-A1C0-FFCAAAE1811D}.Release|ARM.ActiveCfg = Release|Win32
		{A96938A4-926C-4455-A1C0-FFCAAAE1811D}.Release|arm64.ActiveCfg = Release|Win32
		{A96938A4-926C-4455-A1C0-FFCAAAE1811D}.Release|x64.ActiveCfg = Release|x64
		{A96938A4-926C-4455-A1C0-FFCAAAE1811D}.Release|x64.Build.0 = Release|x64
		{A96938A4-926C-4455-A1C0-FFCAAAE1811D}.Release|x86.ActiveCfg = Release|Win32
		{A96938A4-926C-4455-A1C0-FFCAAAE1811D}.Release|x86.Build.0 = Release|Win32
		{029646DE-D743-4EBF-BE0C-AE97F8803F0B}.Debug|Any CPU.ActiveCfg = Debug|Win32
		{029646DE-D743-4EBF-BE0C-AE97F8803F0B}.Debug|ARM.ActiveCfg = Debug|Win32
		{029646DE-D743-4EBF-BE0C-AE97F8803F0B}.Debug|arm64.ActiveCfg = Debug|Win32
		{029646DE-D743-4EBF-BE0C-AE97F8803F0B}.Debug|x64.ActiveCfg = Debug|x64
		{029646DE-D743-4EBF-BE0C-AE97F8803F0B}.Debug|x64.Build.0 = Debug|x64
		{029646DE-D743-4EBF-BE0C-AE97F8803F0B}.Debug|x86.ActiveCfg = Debug|Win32
		{029646DE-D743-4EBF-BE0C-AE97F8803F0B}.Debug|x86.Build.0 = Debug|Win32
		{029646DE-D743-4EBF-BE0C-AE97F8803F0B}.Net4Debug|Any CPU.ActiveCfg = Net4Debug|Win32
		{029646DE-D743-4EBF-BE0C-AE97F8803F0B}.Net4Debug|ARM.ActiveCfg = Net4Debug|Win32
		{029646DE-D743-4EBF-BE0C-AE97F8803F0B}.Net4Debug|arm64.ActiveCfg = Net4Debug|Win32
		{029646DE-D743-4EBF-BE0C-AE97F8803F0B}.Net4Debug|x64.ActiveCfg = Net4Debug|x64
		{029646DE-D743-4EBF-BE0C-AE97F8803F0B}.Net4Debug|x64.Build.0 = Net4Debug|x64
		{029646DE-D743-4EBF-BE0C-AE97F8803F0B}.Net4Debug|x86.ActiveCfg = Net4Debug|Win32
		{029646DE-D743-4EBF-BE0C-AE97F8803F0B}.Release|Any CPU.ActiveCfg = Release|Win32
		{029646DE-D743-4EBF-BE0C-AE97F8803F0B}.Release|ARM.ActiveCfg = Release|Win32
		{029646DE-D743-4EBF-BE0C-AE97F8803F0B}.Release|arm64.ActiveCfg = Release|Win32
		{029646DE-D743-4EBF-BE0C-AE97F8803F0B}.Release|x64.ActiveCfg = Release|x64
		{029646DE-D743-4EBF-BE0C-AE97F8803F0B}.Release|x64.Build.0 = Release|x64
		{029646DE-D743-4EBF-BE0C-AE97F8803F0B}.Release|x86.ActiveCfg = Release|Win32
		{029646DE-D743-4EBF-BE0C-AE97F8803F0B}.Release|x86.Build.0 = Release|Win32
		{D3D7E34D-7653-4111-8194-07ADF6EE79BA}.Debug|Any CPU.ActiveCfg = Debug|Win32
		{D3D7E34D-7653-4111-8194-07ADF6EE79BA}.Debug|ARM.ActiveCfg = Debug|Win32
		{D3D7E34D-7653-4111-8194-07ADF6EE79BA}.Debug|arm64.ActiveCfg = Debug|Win32
		{D3D7E34D-7653-4111-8194-07ADF6EE79BA}.Debug|x64.ActiveCfg = Debug|x64
		{D3D7E34D-7653-4111-8194-07ADF6EE79BA}.Debug|x64.Build.0 = Debug|x64
		{D3D7E34D-7653-4111-8194-07ADF6EE79BA}.Debug|x86.ActiveCfg = Debug|Win32
		{D3D7E34D-7653-4111-8194-07ADF6EE79BA}.Debug|x86.Build.0 = Debug|Win32
		{D3D7E34D-7653-4111-8194-07ADF6EE79BA}.Net4Debug|Any CPU.ActiveCfg = Net4Debug|Win32
		{D3D7E34D-7653-4111-8194-07ADF6EE79BA}.Net4Debug|ARM.ActiveCfg = Net4Debug|Win32
		{D3D7E34D-7653-4111-8194-07ADF6EE79BA}.Net4Debug|arm64.ActiveCfg = Net4Debug|Win32
		{D3D7E34D-7653-4111-8194-07ADF6EE79BA}.Net4Debug|x64.ActiveCfg = Net4Debug|x64
		{D3D7E34D-7653-4111-8194-07ADF6EE79BA}.Net4Debug|x64.Build.0 = Net4Debug|x64
		{D3D7E34D-7653-4111-8194-07ADF6EE79BA}.Net4Debug|x86.ActiveCfg = Net4Debug|Win32
		{D3D7E34D-7653-4111-8194-07ADF6EE79BA}.Release|Any CPU.ActiveCfg = Release|Win32
		{D3D7E34D-7653-4111-8194-07ADF6EE79BA}.Release|ARM.ActiveCfg = Release|Win32
		{D3D7E34D-7653-4111-8194-07ADF6EE79BA}.Release|arm64.ActiveCfg = Release|Win32
		{D3D7E34D-7653-4111-8194-07ADF6EE79BA}.Release|x64.ActiveCfg = Release|x64
		{D3D7E34D-7653-4111-8194-07ADF6EE79BA}.Release|x64.Build.0 = Release|x64
		{D3D7E34D-7653-4111-8194-07ADF6EE79BA}.Release|x86.ActiveCfg = Release|Win32
		{D3D7E34D-7653-4111-8194-07ADF6EE79BA}.Release|x86.Build.0 = Release|Win32
		{34C2ACC6-2A50-4D51-9FE2-531EA69400CF}.Debug|Any CPU.ActiveCfg = Debug|Any CPU
		{34C2ACC6-2A50-4D51-9FE2-531EA69400CF}.Debug|Any CPU.Build.0 = Debug|Any CPU
		{34C2ACC6-2A50-4D51-9FE2-531EA69400CF}.Debug|ARM.ActiveCfg = Debug|Any CPU
		{34C2ACC6-2A50-4D51-9FE2-531EA69400CF}.Debug|ARM.Build.0 = Debug|Any CPU
		{34C2ACC6-2A50-4D51-9FE2-531EA69400CF}.Debug|arm64.ActiveCfg = Debug|Any CPU
		{34C2ACC6-2A50-4D51-9FE2-531EA69400CF}.Debug|arm64.Build.0 = Debug|Any CPU
		{34C2ACC6-2A50-4D51-9FE2-531EA69400CF}.Debug|x64.ActiveCfg = Debug|Any CPU
		{34C2ACC6-2A50-4D51-9FE2-531EA69400CF}.Debug|x64.Build.0 = Debug|Any CPU
		{34C2ACC6-2A50-4D51-9FE2-531EA69400CF}.Debug|x86.ActiveCfg = Debug|Any CPU
		{34C2ACC6-2A50-4D51-9FE2-531EA69400CF}.Debug|x86.Build.0 = Debug|Any CPU
		{34C2ACC6-2A50-4D51-9FE2-531EA69400CF}.Net4Debug|Any CPU.ActiveCfg = Net4Debug|Any CPU
		{34C2ACC6-2A50-4D51-9FE2-531EA69400CF}.Net4Debug|Any CPU.Build.0 = Net4Debug|Any CPU
		{34C2ACC6-2A50-4D51-9FE2-531EA69400CF}.Net4Debug|ARM.ActiveCfg = Net4Debug|Any CPU
		{34C2ACC6-2A50-4D51-9FE2-531EA69400CF}.Net4Debug|ARM.Build.0 = Net4Debug|Any CPU
		{34C2ACC6-2A50-4D51-9FE2-531EA69400CF}.Net4Debug|arm64.ActiveCfg = Net4Debug|Any CPU
		{34C2ACC6-2A50-4D51-9FE2-531EA69400CF}.Net4Debug|arm64.Build.0 = Net4Debug|Any CPU
		{34C2ACC6-2A50-4D51-9FE2-531EA69400CF}.Net4Debug|x64.ActiveCfg = Net4Debug|Any CPU
		{34C2ACC6-2A50-4D51-9FE2-531EA69400CF}.Net4Debug|x64.Build.0 = Net4Debug|Any CPU
		{34C2ACC6-2A50-4D51-9FE2-531EA69400CF}.Net4Debug|x86.ActiveCfg = Net4Debug|Any CPU
		{34C2ACC6-2A50-4D51-9FE2-531EA69400CF}.Net4Debug|x86.Build.0 = Net4Debug|Any CPU
		{34C2ACC6-2A50-4D51-9FE2-531EA69400CF}.Release|Any CPU.ActiveCfg = Release|Any CPU
		{34C2ACC6-2A50-4D51-9FE2-531EA69400CF}.Release|Any CPU.Build.0 = Release|Any CPU
		{34C2ACC6-2A50-4D51-9FE2-531EA69400CF}.Release|ARM.ActiveCfg = Release|Any CPU
		{34C2ACC6-2A50-4D51-9FE2-531EA69400CF}.Release|ARM.Build.0 = Release|Any CPU
		{34C2ACC6-2A50-4D51-9FE2-531EA69400CF}.Release|arm64.ActiveCfg = Release|Any CPU
		{34C2ACC6-2A50-4D51-9FE2-531EA69400CF}.Release|arm64.Build.0 = Release|Any CPU
		{34C2ACC6-2A50-4D51-9FE2-531EA69400CF}.Release|x64.ActiveCfg = Release|Any CPU
		{34C2ACC6-2A50-4D51-9FE2-531EA69400CF}.Release|x64.Build.0 = Release|Any CPU
		{34C2ACC6-2A50-4D51-9FE2-531EA69400CF}.Release|x86.ActiveCfg = Release|Any CPU
		{34C2ACC6-2A50-4D51-9FE2-531EA69400CF}.Release|x86.Build.0 = Release|Any CPU
		{1F1532FE-355D-43D9-B29A-843F348A9A6D}.Debug|Any CPU.ActiveCfg = Debug|Any CPU
		{1F1532FE-355D-43D9-B29A-843F348A9A6D}.Debug|Any CPU.Build.0 = Debug|Any CPU
		{1F1532FE-355D-43D9-B29A-843F348A9A6D}.Debug|ARM.ActiveCfg = Debug|Any CPU
		{1F1532FE-355D-43D9-B29A-843F348A9A6D}.Debug|ARM.Build.0 = Debug|Any CPU
		{1F1532FE-355D-43D9-B29A-843F348A9A6D}.Debug|arm64.ActiveCfg = Debug|Any CPU
		{1F1532FE-355D-43D9-B29A-843F348A9A6D}.Debug|arm64.Build.0 = Debug|Any CPU
		{1F1532FE-355D-43D9-B29A-843F348A9A6D}.Debug|x64.ActiveCfg = Debug|Any CPU
		{1F1532FE-355D-43D9-B29A-843F348A9A6D}.Debug|x64.Build.0 = Debug|Any CPU
		{1F1532FE-355D-43D9-B29A-843F348A9A6D}.Debug|x86.ActiveCfg = Debug|Any CPU
		{1F1532FE-355D-43D9-B29A-843F348A9A6D}.Debug|x86.Build.0 = Debug|Any CPU
		{1F1532FE-355D-43D9-B29A-843F348A9A6D}.Net4Debug|Any CPU.ActiveCfg = Net4Debug|Any CPU
		{1F1532FE-355D-43D9-B29A-843F348A9A6D}.Net4Debug|Any CPU.Build.0 = Net4Debug|Any CPU
		{1F1532FE-355D-43D9-B29A-843F348A9A6D}.Net4Debug|ARM.ActiveCfg = Net4Debug|Any CPU
		{1F1532FE-355D-43D9-B29A-843F348A9A6D}.Net4Debug|ARM.Build.0 = Net4Debug|Any CPU
		{1F1532FE-355D-43D9-B29A-843F348A9A6D}.Net4Debug|arm64.ActiveCfg = Net4Debug|Any CPU
		{1F1532FE-355D-43D9-B29A-843F348A9A6D}.Net4Debug|arm64.Build.0 = Net4Debug|Any CPU
		{1F1532FE-355D-43D9-B29A-843F348A9A6D}.Net4Debug|x64.ActiveCfg = Net4Debug|Any CPU
		{1F1532FE-355D-43D9-B29A-843F348A9A6D}.Net4Debug|x64.Build.0 = Net4Debug|Any CPU
		{1F1532FE-355D-43D9-B29A-843F348A9A6D}.Net4Debug|x86.ActiveCfg = Net4Debug|Any CPU
		{1F1532FE-355D-43D9-B29A-843F348A9A6D}.Net4Debug|x86.Build.0 = Net4Debug|Any CPU
		{1F1532FE-355D-43D9-B29A-843F348A9A6D}.Release|Any CPU.ActiveCfg = Release|Any CPU
		{1F1532FE-355D-43D9-B29A-843F348A9A6D}.Release|Any CPU.Build.0 = Release|Any CPU
		{1F1532FE-355D-43D9-B29A-843F348A9A6D}.Release|ARM.ActiveCfg = Release|Any CPU
		{1F1532FE-355D-43D9-B29A-843F348A9A6D}.Release|ARM.Build.0 = Release|Any CPU
		{1F1532FE-355D-43D9-B29A-843F348A9A6D}.Release|arm64.ActiveCfg = Release|Any CPU
		{1F1532FE-355D-43D9-B29A-843F348A9A6D}.Release|arm64.Build.0 = Release|Any CPU
		{1F1532FE-355D-43D9-B29A-843F348A9A6D}.Release|x64.ActiveCfg = Release|Any CPU
		{1F1532FE-355D-43D9-B29A-843F348A9A6D}.Release|x64.Build.0 = Release|Any CPU
		{1F1532FE-355D-43D9-B29A-843F348A9A6D}.Release|x86.ActiveCfg = Release|Any CPU
		{1F1532FE-355D-43D9-B29A-843F348A9A6D}.Release|x86.Build.0 = Release|Any CPU
		{C8BCFE4A-71E5-47D6-884D-E208E8CE0EE2}.Debug|Any CPU.ActiveCfg = Debug|Any CPU
		{C8BCFE4A-71E5-47D6-884D-E208E8CE0EE2}.Debug|Any CPU.Build.0 = Debug|Any CPU
		{C8BCFE4A-71E5-47D6-884D-E208E8CE0EE2}.Debug|ARM.ActiveCfg = Debug|Any CPU
		{C8BCFE4A-71E5-47D6-884D-E208E8CE0EE2}.Debug|ARM.Build.0 = Debug|Any CPU
		{C8BCFE4A-71E5-47D6-884D-E208E8CE0EE2}.Debug|arm64.ActiveCfg = Debug|Any CPU
		{C8BCFE4A-71E5-47D6-884D-E208E8CE0EE2}.Debug|arm64.Build.0 = Debug|Any CPU
		{C8BCFE4A-71E5-47D6-884D-E208E8CE0EE2}.Debug|x64.ActiveCfg = Debug|Any CPU
		{C8BCFE4A-71E5-47D6-884D-E208E8CE0EE2}.Debug|x64.Build.0 = Debug|Any CPU
		{C8BCFE4A-71E5-47D6-884D-E208E8CE0EE2}.Debug|x86.ActiveCfg = Debug|Any CPU
		{C8BCFE4A-71E5-47D6-884D-E208E8CE0EE2}.Debug|x86.Build.0 = Debug|Any CPU
		{C8BCFE4A-71E5-47D6-884D-E208E8CE0EE2}.Net4Debug|Any CPU.ActiveCfg = Net4Debug|Any CPU
		{C8BCFE4A-71E5-47D6-884D-E208E8CE0EE2}.Net4Debug|Any CPU.Build.0 = Net4Debug|Any CPU
		{C8BCFE4A-71E5-47D6-884D-E208E8CE0EE2}.Net4Debug|ARM.ActiveCfg = Net4Debug|Any CPU
		{C8BCFE4A-71E5-47D6-884D-E208E8CE0EE2}.Net4Debug|ARM.Build.0 = Net4Debug|Any CPU
		{C8BCFE4A-71E5-47D6-884D-E208E8CE0EE2}.Net4Debug|arm64.ActiveCfg = Net4Debug|Any CPU
		{C8BCFE4A-71E5-47D6-884D-E208E8CE0EE2}.Net4Debug|arm64.Build.0 = Net4Debug|Any CPU
		{C8BCFE4A-71E5-47D6-884D-E208E8CE0EE2}.Net4Debug|x64.ActiveCfg = Net4Debug|Any CPU
		{C8BCFE4A-71E5-47D6-884D-E208E8CE0EE2}.Net4Debug|x64.Build.0 = Net4Debug|Any CPU
		{C8BCFE4A-71E5-47D6-884D-E208E8CE0EE2}.Net4Debug|x86.ActiveCfg = Net4Debug|Any CPU
		{C8BCFE4A-71E5-47D6-884D-E208E8CE0EE2}.Net4Debug|x86.Build.0 = Net4Debug|Any CPU
		{C8BCFE4A-71E5-47D6-884D-E208E8CE0EE2}.Release|Any CPU.ActiveCfg = Release|Any CPU
		{C8BCFE4A-71E5-47D6-884D-E208E8CE0EE2}.Release|Any CPU.Build.0 = Release|Any CPU
		{C8BCFE4A-71E5-47D6-884D-E208E8CE0EE2}.Release|ARM.ActiveCfg = Release|Any CPU
		{C8BCFE4A-71E5-47D6-884D-E208E8CE0EE2}.Release|ARM.Build.0 = Release|Any CPU
		{C8BCFE4A-71E5-47D6-884D-E208E8CE0EE2}.Release|arm64.ActiveCfg = Release|Any CPU
		{C8BCFE4A-71E5-47D6-884D-E208E8CE0EE2}.Release|arm64.Build.0 = Release|Any CPU
		{C8BCFE4A-71E5-47D6-884D-E208E8CE0EE2}.Release|x64.ActiveCfg = Release|Any CPU
		{C8BCFE4A-71E5-47D6-884D-E208E8CE0EE2}.Release|x64.Build.0 = Release|Any CPU
		{C8BCFE4A-71E5-47D6-884D-E208E8CE0EE2}.Release|x86.ActiveCfg = Release|Any CPU
		{C8BCFE4A-71E5-47D6-884D-E208E8CE0EE2}.Release|x86.Build.0 = Release|Any CPU
		{768AF941-21D4-43DC-A95D-9E352FB89D48}.Debug|Any CPU.ActiveCfg = Debug|Any CPU
		{768AF941-21D4-43DC-A95D-9E352FB89D48}.Debug|Any CPU.Build.0 = Debug|Any CPU
		{768AF941-21D4-43DC-A95D-9E352FB89D48}.Debug|ARM.ActiveCfg = Debug|Any CPU
		{768AF941-21D4-43DC-A95D-9E352FB89D48}.Debug|ARM.Build.0 = Debug|Any CPU
		{768AF941-21D4-43DC-A95D-9E352FB89D48}.Debug|arm64.ActiveCfg = Debug|Any CPU
		{768AF941-21D4-43DC-A95D-9E352FB89D48}.Debug|arm64.Build.0 = Debug|Any CPU
		{768AF941-21D4-43DC-A95D-9E352FB89D48}.Debug|x64.ActiveCfg = Debug|Any CPU
		{768AF941-21D4-43DC-A95D-9E352FB89D48}.Debug|x64.Build.0 = Debug|Any CPU
		{768AF941-21D4-43DC-A95D-9E352FB89D48}.Debug|x86.ActiveCfg = Debug|Any CPU
		{768AF941-21D4-43DC-A95D-9E352FB89D48}.Debug|x86.Build.0 = Debug|Any CPU
		{768AF941-21D4-43DC-A95D-9E352FB89D48}.Net4Debug|Any CPU.ActiveCfg = Debug|Any CPU
		{768AF941-21D4-43DC-A95D-9E352FB89D48}.Net4Debug|Any CPU.Build.0 = Debug|Any CPU
		{768AF941-21D4-43DC-A95D-9E352FB89D48}.Net4Debug|ARM.ActiveCfg = Debug|Any CPU
		{768AF941-21D4-43DC-A95D-9E352FB89D48}.Net4Debug|ARM.Build.0 = Debug|Any CPU
		{768AF941-21D4-43DC-A95D-9E352FB89D48}.Net4Debug|arm64.ActiveCfg = Debug|Any CPU
		{768AF941-21D4-43DC-A95D-9E352FB89D48}.Net4Debug|arm64.Build.0 = Debug|Any CPU
		{768AF941-21D4-43DC-A95D-9E352FB89D48}.Net4Debug|x64.ActiveCfg = Debug|Any CPU
		{768AF941-21D4-43DC-A95D-9E352FB89D48}.Net4Debug|x64.Build.0 = Debug|Any CPU
		{768AF941-21D4-43DC-A95D-9E352FB89D48}.Net4Debug|x86.ActiveCfg = Debug|Any CPU
		{768AF941-21D4-43DC-A95D-9E352FB89D48}.Net4Debug|x86.Build.0 = Debug|Any CPU
		{768AF941-21D4-43DC-A95D-9E352FB89D48}.Release|Any CPU.ActiveCfg = Release|Any CPU
		{768AF941-21D4-43DC-A95D-9E352FB89D48}.Release|Any CPU.Build.0 = Release|Any CPU
		{768AF941-21D4-43DC-A95D-9E352FB89D48}.Release|ARM.ActiveCfg = Release|Any CPU
		{768AF941-21D4-43DC-A95D-9E352FB89D48}.Release|ARM.Build.0 = Release|Any CPU
		{768AF941-21D4-43DC-A95D-9E352FB89D48}.Release|arm64.ActiveCfg = Release|Any CPU
		{768AF941-21D4-43DC-A95D-9E352FB89D48}.Release|arm64.Build.0 = Release|Any CPU
		{768AF941-21D4-43DC-A95D-9E352FB89D48}.Release|x64.ActiveCfg = Release|Any CPU
		{768AF941-21D4-43DC-A95D-9E352FB89D48}.Release|x64.Build.0 = Release|Any CPU
		{768AF941-21D4-43DC-A95D-9E352FB89D48}.Release|x86.ActiveCfg = Release|Any CPU
		{768AF941-21D4-43DC-A95D-9E352FB89D48}.Release|x86.Build.0 = Release|Any CPU
	EndGlobalSection
	GlobalSection(SolutionProperties) = preSolution
		HideSolutionNode = FALSE
	EndGlobalSection
	GlobalSection(ExtensibilityGlobals) = postSolution
		SolutionGuid = {86458AE5-559F-4DAD-8701-A3384C205303}
	EndGlobalSection
EndGlobal
